{
  "version": "5",
  "specifiers": {
    "jsr:@std/assert@^1.0.13": "1.0.13",
    "jsr:@std/cli@^1.0.21": "1.0.21",
    "jsr:@std/collections@^1.1.2": "1.1.2",
    "jsr:@std/internal@^1.0.6": "1.0.10",
    "npm:astring@^1.9.0": "1.9.0",
    "npm:meriyah@^6.1.4": "6.1.4",
    "npm:quickjs-emscripten-core@0.31": "0.31.0",
    "npm:quickjs-emscripten-sync@^1.5.2": "1.5.2_quickjs-emscripten@0.31.0",
    "npm:quickjs-emscripten@0.31": "0.31.0",
    "npm:zod@^4.0.14": "4.0.14"
  },
  "jsr": {
    "@std/assert@1.0.13": {
      "integrity": "ae0d31e41919b12c656c742b22522c32fb26ed0cba32975cb0de2a273cb68b29",
      "dependencies": [
        "jsr:@std/internal"
      ]
    },
    "@std/cli@1.0.21": {
      "integrity": "cd25b050bdf6282e321854e3822bee624f07aca7636a3a76d95f77a3a919ca2a"
    },
    "@std/collections@1.1.2": {
      "integrity": "f1685dd45c3ec27c39d0e8a642ccf810f391ec8a6cb5e7355926e6dacc64c43e"
    },
    "@std/internal@1.0.10": {
      "integrity": "e3be62ce42cab0e177c27698e5d9800122f67b766a0bea6ca4867886cbde8cf7"
    }
  },
  "npm": {
    "@jitl/quickjs-ffi-types@0.31.0": {
      "integrity": "sha512-1yrgvXlmXH2oNj3eFTrkwacGJbmM0crwipA3ohCrjv52gBeDaD7PsTvFYinlAnqU8iPME3LGP437yk05a2oejw=="
    },
    "@jitl/quickjs-wasmfile-debug-asyncify@0.31.0": {
      "integrity": "sha512-YkdzQdr1uaftFhgEnTRjTTZHk2SFZdpWO7XhOmRVbi6CEVsH9g5oNF8Ta1q3OuSJHRwwT8YsuR1YzEiEIJEk6w==",
      "dependencies": [
        "@jitl/quickjs-ffi-types"
      ]
    },
    "@jitl/quickjs-wasmfile-debug-sync@0.31.0": {
      "integrity": "sha512-8XvloaaWBONqcHXYs5tWOjdhQVxzULilIfB2hvZfS6S+fI4m2+lFiwQy7xeP8ExHmiZ7D8gZGChNkdLgjGfknw==",
      "dependencies": [
        "@jitl/quickjs-ffi-types"
      ]
    },
    "@jitl/quickjs-wasmfile-release-asyncify@0.31.0": {
      "integrity": "sha512-uz0BbQYTxNsFkvkurd7vk2dOg57ElTBLCuvNtRl4rgrtbC++NIndD5qv2+AXb6yXDD3Uy1O2PCwmoaH0eXgEOg==",
      "dependencies": [
        "@jitl/quickjs-ffi-types"
      ]
    },
    "@jitl/quickjs-wasmfile-release-sync@0.31.0": {
      "integrity": "sha512-hYduecOByj9AsAfsJhZh5nA6exokmuFC8cls39+lYmTCGY51bgjJJJwReEu7Ff7vBWaQCL6TeDdVlnp2WYz0jw==",
      "dependencies": [
        "@jitl/quickjs-ffi-types"
      ]
    },
    "astring@1.9.0": {
      "integrity": "sha512-LElXdjswlqjWrPpJFg1Fx4wpkOCxj1TDHlSV4PlaRxHGWko024xICaa97ZkMfs6DRKlCguiAI+rbXv5GWwXIkg==",
      "bin": true
    },
    "meriyah@6.1.4": {
      "integrity": "sha512-Sz8FzjzI0kN13GK/6MVEsVzMZEPvOhnmmI1lU5+/1cGOiK3QUahntrNNtdVeihrO7t9JpoH75iMNXg6R6uWflQ=="
    },
    "quickjs-emscripten-core@0.31.0": {
      "integrity": "sha512-oQz8p0SiKDBc1TC7ZBK2fr0GoSHZKA0jZIeXxsnCyCs4y32FStzCW4d1h6E1sE0uHDMbGITbk2zhNaytaoJwXQ==",
      "dependencies": [
        "@jitl/quickjs-ffi-types"
      ]
    },
    "quickjs-emscripten-sync@1.5.2_quickjs-emscripten@0.31.0": {
      "integrity": "sha512-TWwKQWXOKgQPt0efKIzFFZjHTu+9InM3Ou2s+jh4aYBy765zy20jZRiBZb52OU2JQ7DkBklICe03h9XOwDy3+Q==",
      "dependencies": [
        "quickjs-emscripten"
      ]
    },
    "quickjs-emscripten@0.31.0": {
      "integrity": "sha512-K7Yt78aRPLjPcqv3fIuLW1jW3pvwO21B9pmFOolsjM/57ZhdVXBr51GqJpalgBlkPu9foAvhEAuuQPnvIGvLvQ==",
      "dependencies": [
        "@jitl/quickjs-wasmfile-debug-asyncify",
        "@jitl/quickjs-wasmfile-debug-sync",
        "@jitl/quickjs-wasmfile-release-asyncify",
        "@jitl/quickjs-wasmfile-release-sync",
        "quickjs-emscripten-core"
      ]
    },
    "zod@4.0.14": {
      "integrity": "sha512-nGFJTnJN6cM2v9kXL+SOBq3AtjQby3Mv5ySGFof5UGRHrRioSJ5iG680cYNjE/yWk671nROcpPj4hAS8nyLhSw=="
    }
  },
  "workspace": {
    "dependencies": [
      "npm:astring@^1.9.0",
      "npm:quickjs-emscripten-core@0.31"
    ],
    "members": {
      "js-executor": {
        "dependencies": [
          "jsr:@std/assert@^1.0.13",
          "jsr:@std/cli@^1.0.21",
          "jsr:@std/collections@^1.1.2",
          "npm:meriyah@^6.1.4",
          "npm:quickjs-emscripten-sync@^1.5.2",
          "npm:quickjs-emscripten@0.31",
          "npm:zod@^4.0.14"
        ]
      }
    }
  }
}
